<?xml version="1.0" encoding="UTF-8" standalone="yes" ?>
<CodeBlocks_project_file>
	<FileVersion major="1" minor="6" />
	<Project>
		<Option title="KrampusServer" />
		<Option makefile_is_custom="1" />
		<Option execution_dir="C:/ctwoplus/progcode/allegro5/KrampusHack2019/build" />
		<Option pch_mode="2" />
		<Option compiler="gcc" />
		<Build>
			<Target title="Debug">
				<Option output="KrampusServerDebug" prefix_auto="1" extension_auto="1" />
				<Option object_output="obj/Debug/" />
				<Option type="1" />
				<Option compiler="gcc" />
				<Compiler>
					<Add option="-g" />
				</Compiler>
				<Linker>
					<Add option="-static" />
					<Add option="-lEagleA5DebugStatic" />
					<Add option="-lEagleDebugStatic" />
					<Add option="-lNilorea" />
					<Add option="-lallegro_monolith-debug-static" />
					<Add option="-ljpeg" />
					<Add option="-ldumb" />
					<Add option="-lwebp" />
					<Add option="-lFLAC" />
					<Add option="-ltheora" />
					<Add option="-lvorbisfile" />
					<Add option="-lvorbis" />
					<Add option="-logg" />
					<Add option="-lphysfs" />
					<Add option="-lfreetype" />
					<Add option="-lpng16" />
					<Add option="-lzlibstatic" />
					<Add option="-ldsound" />
					<Add option="-lgdiplus" />
					<Add option="-luuid" />
					<Add option="-lkernel32" />
					<Add option="-lwinmm" />
					<Add option="-lpsapi" />
					<Add option="-lopengl32" />
					<Add option="-lglu32" />
					<Add option="-luser32" />
					<Add option="-lcomdlg32" />
					<Add option="-lgdi32" />
					<Add option="-lshell32" />
					<Add option="-lole32" />
					<Add option="-ladvapi32" />
					<Add option="-lws2_32" />
					<Add option="-lshlwapi" />
					<Add option="-lpthread" />
					<Add option="-static-libstdc++" />
					<Add option="-static-libgcc" />
				</Linker>
			</Target>
			<Target title="Release">
				<Option output="KrampusServer" prefix_auto="1" extension_auto="1" />
				<Option object_output="obj/Release/" />
				<Option type="1" />
				<Option compiler="gcc" />
				<Compiler>
					<Add option="-O2" />
				</Compiler>
				<Linker>
					<Add option="-static" />
					<Add option="-lEagleA5Static" />
					<Add option="-lEagleStatic" />
					<Add option="-lNilorea" />
					<Add option="-lallegro_monolith-static" />
					<Add option="-ljpeg" />
					<Add option="-ldumb" />
					<Add option="-lwebp" />
					<Add option="-lFLAC" />
					<Add option="-ltheora" />
					<Add option="-lvorbisfile" />
					<Add option="-lvorbis" />
					<Add option="-logg" />
					<Add option="-lphysfs" />
					<Add option="-lfreetype" />
					<Add option="-lpng16" />
					<Add option="-lzlibstatic" />
					<Add option="-ldsound" />
					<Add option="-lgdiplus" />
					<Add option="-luuid" />
					<Add option="-lkernel32" />
					<Add option="-lwinmm" />
					<Add option="-lpsapi" />
					<Add option="-lopengl32" />
					<Add option="-lglu32" />
					<Add option="-luser32" />
					<Add option="-lcomdlg32" />
					<Add option="-lgdi32" />
					<Add option="-lshell32" />
					<Add option="-lole32" />
					<Add option="-ladvapi32" />
					<Add option="-lws2_32" />
					<Add option="-lshlwapi" />
					<Add option="-lpthread" />
					<Add option="-static-libstdc++" />
					<Add option="-static-libgcc" />
					<Add option="-s" />
				</Linker>
			</Target>
		</Build>
		<Compiler>
			<Add option="-Wall" />
			<Add directory="C:/mingw/i686-w64-mingw32/include" />
			<Add directory="E:/LIBS/LIBS81Redistro/Eagle/include" />
			<Add directory="E:/LIBS/LIBS81Redistro/Allegro525/include" />
			<Add directory="include" />
		</Compiler>
		<Linker>
			<Add directory="E:/LIBS/LIBS81Redistro/Allegro525/lib" />
			<Add directory="E:/LIBS/LIBS81Redistro/Eagle/lib" />
		</Linker>
		<Unit filename="../../bin/EagleClientServerLog.txt" />
		<Unit filename="../../bin/EagleThreadLog.txt" />
		<Unit filename="../../bin/NiloreaClientLog.txt" />
		<Unit filename="../../bin/NiloreaServerClientLog.txt" />
		<Unit filename="../../bin/NiloreaServerLog.txt" />
		<Unit filename="../../bin/allegro.log" />
		<Unit filename="CMakeLists.txt" />
		<Unit filename="README.txt" />
		<Unit filename="include/eagle/BinStream.hpp" />
		<Unit filename="include/eagle/ConsoleWidget.hpp" />
		<Unit filename="include/eagle/Transitions.hpp" />
		<Unit filename="include/globals.hpp" />
		<Unit filename="include/krampus/Entity.hpp" />
		<Unit filename="include/krampus/Game.hpp" />
		<Unit filename="include/krampus/Menu.hpp" />
		<Unit filename="include/krampus/Scenes.hpp" />
		<Unit filename="include/networking/Client.hpp" />
		<Unit filename="include/networking/Network.hpp" />
		<Unit filename="include/networking/Server.hpp" />
		<Unit filename="krampus_client.cpp" />
		<Unit filename="krampus_main.cpp" />
		<Unit filename="krampus_master_server.cpp">
			<Option link="0" />
		</Unit>
		<Unit filename="krampus_server.cpp">
			<Option link="0" />
		</Unit>
		<Unit filename="krampus_server_client_test.cpp" />
		<Unit filename="src/eagle/BinStream.cpp" />
		<Unit filename="src/eagle/ConsoleWidget.cpp" />
		<Unit filename="src/eagle/Transitions.cpp" />
		<Unit filename="src/globals.cpp" />
		<Unit filename="src/krampus/Entity.cpp" />
		<Unit filename="src/krampus/Game.cpp" />
		<Unit filename="src/krampus/Menu.cpp" />
		<Unit filename="src/krampus/Scenes.cpp" />
		<Unit filename="src/networking/Client.cpp" />
		<Unit filename="src/networking/Network.cpp" />
		<Unit filename="src/networking/Server.cpp" />
		<Extensions>
			<lib_finder disable_auto="1" />
		</Extensions>
	</Project>
</CodeBlocks_project_file>
